
Microsoft Visual Studio Solution File, Format Version 12.00
# Visual Studio Version 17
VisualStudioVersion = 17.10.35013.160
MinimumVisualStudioVersion = 10.0.40219.1
Project("{2150E333-8FDC-42A3-9474-1A3956D46DE8}") = "FrontEnd", "FrontEnd", "{D739E89F-7747-4496-8FE3-65DC759123E7}"
EndProject
Project("{2150E333-8FDC-42A3-9474-1A3956D46DE8}") = "Gateway", "Gateway", "{F3D17952-DC42-4353-8203-82CEE6266C57}"
EndProject
Project("{2150E333-8FDC-42A3-9474-1A3956D46DE8}") = "Integration", "Integration", "{8CEDFAFE-4B4F-4EA6-9094-F8137A7A8100}"
EndProject
Project("{2150E333-8FDC-42A3-9474-1A3956D46DE8}") = "Services", "Services", "{C4DA163E-2231-4C61-A019-363B0B80F3A9}"
EndProject
Project("{9A19103F-16F7-4668-BE54-9A1E7A4F7556}") = "CouponService.API", "CouponService.API\CouponService.API.csproj", "{A0971933-151D-49FA-A49E-47BF87F90AB8}"
EndProject
Project("{9A19103F-16F7-4668-BE54-9A1E7A4F7556}") = "ShoppingCartService.API", "ShoppingCartService.API\ShoppingCartService.API.csproj", "{45F3FDF6-9151-44F9-A6AA-95CBB309E634}"
EndProject
Project("{9A19103F-16F7-4668-BE54-9A1E7A4F7556}") = "OrderService.API", "OrderService.API\OrderService.API.csproj", "{F06BD2DB-BB81-48BD-8988-1DC506CA95EB}"
EndProject
Project("{9A19103F-16F7-4668-BE54-9A1E7A4F7556}") = "ProductService", "ProductService.UI\ProductService.csproj", "{C6CC56F8-C3BF-4599-8743-5177176B7D64}"
EndProject
Project("{9A19103F-16F7-4668-BE54-9A1E7A4F7556}") = "ProductService.API", "ProductService.API\ProductService.API.csproj", "{F48FF45F-7189-441E-BE06-11640E97C282}"
EndProject
Project("{9A19103F-16F7-4668-BE54-9A1E7A4F7556}") = "AuthService.API", "AuthService.API\AuthService.API.csproj", "{06BAEF7A-9C46-4A6B-9AC8-364189A717FC}"
EndProject
Project("{FAE04EC0-301F-11D3-BF4B-00C04F79EFBC}") = "MessageBusService", "MessageBusService\MessageBusService.csproj", "{F15DAC94-B0D9-4891-BBD1-24B8A4596355}"
EndProject
Global
	GlobalSection(SolutionConfigurationPlatforms) = preSolution
		Debug|Any CPU = Debug|Any CPU
		Release|Any CPU = Release|Any CPU
	EndGlobalSection
	GlobalSection(ProjectConfigurationPlatforms) = postSolution
		{A0971933-151D-49FA-A49E-47BF87F90AB8}.Debug|Any CPU.ActiveCfg = Debug|Any CPU
		{A0971933-151D-49FA-A49E-47BF87F90AB8}.Debug|Any CPU.Build.0 = Debug|Any CPU
		{A0971933-151D-49FA-A49E-47BF87F90AB8}.Release|Any CPU.ActiveCfg = Release|Any CPU
		{A0971933-151D-49FA-A49E-47BF87F90AB8}.Release|Any CPU.Build.0 = Release|Any CPU
		{45F3FDF6-9151-44F9-A6AA-95CBB309E634}.Debug|Any CPU.ActiveCfg = Debug|Any CPU
		{45F3FDF6-9151-44F9-A6AA-95CBB309E634}.Debug|Any CPU.Build.0 = Debug|Any CPU
		{45F3FDF6-9151-44F9-A6AA-95CBB309E634}.Release|Any CPU.ActiveCfg = Release|Any CPU
		{45F3FDF6-9151-44F9-A6AA-95CBB309E634}.Release|Any CPU.Build.0 = Release|Any CPU
		{F06BD2DB-BB81-48BD-8988-1DC506CA95EB}.Debug|Any CPU.ActiveCfg = Debug|Any CPU
		{F06BD2DB-BB81-48BD-8988-1DC506CA95EB}.Debug|Any CPU.Build.0 = Debug|Any CPU
		{F06BD2DB-BB81-48BD-8988-1DC506CA95EB}.Release|Any CPU.ActiveCfg = Release|Any CPU
		{F06BD2DB-BB81-48BD-8988-1DC506CA95EB}.Release|Any CPU.Build.0 = Release|Any CPU
		{C6CC56F8-C3BF-4599-8743-5177176B7D64}.Debug|Any CPU.ActiveCfg = Debug|Any CPU
		{C6CC56F8-C3BF-4599-8743-5177176B7D64}.Debug|Any CPU.Build.0 = Debug|Any CPU
		{C6CC56F8-C3BF-4599-8743-5177176B7D64}.Release|Any CPU.ActiveCfg = Release|Any CPU
		{C6CC56F8-C3BF-4599-8743-5177176B7D64}.Release|Any CPU.Build.0 = Release|Any CPU
		{F48FF45F-7189-441E-BE06-11640E97C282}.Debug|Any CPU.ActiveCfg = Debug|Any CPU
		{F48FF45F-7189-441E-BE06-11640E97C282}.Debug|Any CPU.Build.0 = Debug|Any CPU
		{F48FF45F-7189-441E-BE06-11640E97C282}.Release|Any CPU.ActiveCfg = Release|Any CPU
		{F48FF45F-7189-441E-BE06-11640E97C282}.Release|Any CPU.Build.0 = Release|Any CPU
		{06BAEF7A-9C46-4A6B-9AC8-364189A717FC}.Debug|Any CPU.ActiveCfg = Debug|Any CPU
		{06BAEF7A-9C46-4A6B-9AC8-364189A717FC}.Debug|Any CPU.Build.0 = Debug|Any CPU
		{06BAEF7A-9C46-4A6B-9AC8-364189A717FC}.Release|Any CPU.ActiveCfg = Release|Any CPU
		{06BAEF7A-9C46-4A6B-9AC8-364189A717FC}.Release|Any CPU.Build.0 = Release|Any CPU
		{F15DAC94-B0D9-4891-BBD1-24B8A4596355}.Debug|Any CPU.ActiveCfg = Debug|Any CPU
		{F15DAC94-B0D9-4891-BBD1-24B8A4596355}.Debug|Any CPU.Build.0 = Debug|Any CPU
		{F15DAC94-B0D9-4891-BBD1-24B8A4596355}.Release|Any CPU.ActiveCfg = Release|Any CPU
		{F15DAC94-B0D9-4891-BBD1-24B8A4596355}.Release|Any CPU.Build.0 = Release|Any CPU
	EndGlobalSection
	GlobalSection(SolutionProperties) = preSolution
		HideSolutionNode = FALSE
	EndGlobalSection
	GlobalSection(NestedProjects) = preSolution
		{A0971933-151D-49FA-A49E-47BF87F90AB8} = {C4DA163E-2231-4C61-A019-363B0B80F3A9}
		{45F3FDF6-9151-44F9-A6AA-95CBB309E634} = {C4DA163E-2231-4C61-A019-363B0B80F3A9}
		{F06BD2DB-BB81-48BD-8988-1DC506CA95EB} = {C4DA163E-2231-4C61-A019-363B0B80F3A9}
		{C6CC56F8-C3BF-4599-8743-5177176B7D64} = {D739E89F-7747-4496-8FE3-65DC759123E7}
		{F48FF45F-7189-441E-BE06-11640E97C282} = {C4DA163E-2231-4C61-A019-363B0B80F3A9}
		{06BAEF7A-9C46-4A6B-9AC8-364189A717FC} = {C4DA163E-2231-4C61-A019-363B0B80F3A9}
		{F15DAC94-B0D9-4891-BBD1-24B8A4596355} = {8CEDFAFE-4B4F-4EA6-9094-F8137A7A8100}
	EndGlobalSection
	GlobalSection(ExtensibilityGlobals) = postSolution
		SolutionGuid = {F5302BBC-0415-4D55-B52C-A3CA5127F98F}
	EndGlobalSection
EndGlobal
